// !$*UTF8*$!
{
	archiveVersion = 1;
	classes = {
	};
	objectVersion = 63;
	objects = {

/* Begin PBXBuildFile section */
		0CB4D686BB36E5558AD478B6 /* QuantumLeapValidatorApp.swift in Sources */ = {isa = PBXBuildFile; fileRef = 3D2C3F8AF1EF98F73BD51A1A /* QuantumLeapValidatorApp.swift */; };
		18D49946B828DE0D3241F12B /* Preview Assets.xcassets in Resources */ = {isa = PBXBuildFile; fileRef = 1546BCC9D19C7D4C4EFAF91B /* Preview Assets.xcassets */; };
		460ADE772543652E765B3644 /* Assets.xcassets in Resources */ = {isa = PBXBuildFile; fileRef = 0F6622EFCDE983C7E28B5409 /* Assets.xcassets */; };
		53D968A21FF46E809A4A4829 /* ZIPFoundation in Frameworks */ = {isa = PBXBuildFile; productRef = 735050DC7D0D432E68F055B7 /* ZIPFoundation */; };
		7A0B733FB8EF8C590D586ACC /* ContentView.swift in Sources */ = {isa = PBXBuildFile; fileRef = E14DEC12B4B3A4562FEFA937 /* ContentView.swift */; };
		A1B2C3D4E5F6789012345678 /* SmartExerciseDetector.swift in Sources */ = {isa = PBXBuildFile; fileRef = B2C3D4E5F67890123456789A /* SmartExerciseDetector.swift */; };
		AE93424CC8D5E0B1DBC68E3A /* MotionManager.swift in Sources */ = {isa = PBXBuildFile; fileRef = 25320A2B922D7F7E7553D30C /* MotionManager.swift */; };
		BFE26EBF03193963B4C033D1 /* SessionSummaryView.swift in Sources */ = {isa = PBXBuildFile; fileRef = 1ACBB18DBAD13720E046E7CD /* SessionSummaryView.swift */; };
		C2D3E4F5G67890123456789B /* VoiceController.swift in Sources */ = {isa = PBXBuildFile; fileRef = D3E4F5G67890123456789BC /* VoiceController.swift */; };
		D6D91A306694F71CF2AC940C /* IMUValidationView.swift in Sources */ = {isa = PBXBuildFile; fileRef = 5CD0C373220F2DDEBB8297D1 /* IMUValidationView.swift */; };
		E5F6G7H890123456789CDEF0 /* AIVoiceCoach.swift in Sources */ = {isa = PBXBuildFile; fileRef = F6G7H890123456789CDEF01 /* AIVoiceCoach.swift */; };
		F14A158F451989BDE5E9679F /* SessionRecorder.swift in Sources */ = {isa = PBXBuildFile; fileRef = 6CC93149F05B4A2D7330CAF2 /* SessionRecorder.swift */; };
		F7G8H9I901234567890DEF12 /* AudioSessionManager.swift in Sources */ = {isa = PBXBuildFile; fileRef = G8H9I901234567890DEF123 /* AudioSessionManager.swift */; };
/* End PBXBuildFile section */

/* Begin PBXFileReference section */
		0F6622EFCDE983C7E28B5409 /* Assets.xcassets */ = {isa = PBXFileReference; lastKnownFileType = folder.assetcatalog; path = Assets.xcassets; sourceTree = "<group>"; };
		1546BCC9D19C7D4C4EFAF91B /* Preview Assets.xcassets */ = {isa = PBXFileReference; lastKnownFileType = folder.assetcatalog; path = "Preview Assets.xcassets"; sourceTree = "<group>"; };
		1ACBB18DBAD13720E046E7CD /* SessionSummaryView.swift */ = {isa = PBXFileReference; lastKnownFileType = sourcecode.swift; path = SessionSummaryView.swift; sourceTree = "<group>"; };
		25320A2B922D7F7E7553D30C /* MotionManager.swift */ = {isa = PBXFileReference; lastKnownFileType = sourcecode.swift; path = MotionManager.swift; sourceTree = "<group>"; };
		3D2C3F8AF1EF98F73BD51A1A /* QuantumLeapValidatorApp.swift */ = {isa = PBXFileReference; lastKnownFileType = sourcecode.swift; path = QuantumLeapValidatorApp.swift; sourceTree = "<group>"; };
		5CD0C373220F2DDEBB8297D1 /* IMUValidationView.swift */ = {isa = PBXFileReference; lastKnownFileType = sourcecode.swift; path = IMUValidationView.swift; sourceTree = "<group>"; };
		6CC93149F05B4A2D7330CAF2 /* SessionRecorder.swift */ = {isa = PBXFileReference; lastKnownFileType = sourcecode.swift; path = SessionRecorder.swift; sourceTree = "<group>"; };
		751E70B305629FA789748F1A /* Info.plist */ = {isa = PBXFileReference; lastKnownFileType = text.plist; path = Info.plist; sourceTree = "<group>"; };
		B2C3D4E5F67890123456789A /* SmartExerciseDetector.swift */ = {isa = PBXFileReference; lastKnownFileType = sourcecode.swift; path = SmartExerciseDetector.swift; sourceTree = "<group>"; };
		D3E4F5G67890123456789BC /* VoiceController.swift */ = {isa = PBXFileReference; lastKnownFileType = sourcecode.swift; path = VoiceController.swift; sourceTree = "<group>"; };
		E14DEC12B4B3A4562FEFA937 /* ContentView.swift */ = {isa = PBXFileReference; lastKnownFileType = sourcecode.swift; path = ContentView.swift; sourceTree = "<group>"; };
		F0EF2F8DA7666246976A364E /* QuantumLeapValidator.app */ = {isa = PBXFileReference; explicitFileType = wrapper.application; includeInIndex = 0; path = QuantumLeapValidator.app; sourceTree = BUILT_PRODUCTS_DIR; };
		F6G7H890123456789CDEF01 /* AIVoiceCoach.swift */ = {isa = PBXFileReference; lastKnownFileType = sourcecode.swift; path = AIVoiceCoach.swift; sourceTree = "<group>"; };
		G8H9I901234567890DEF123 /* AudioSessionManager.swift */ = {isa = PBXFileReference; lastKnownFileType = sourcecode.swift; path = AudioSessionManager.swift; sourceTree = "<group>"; };
/* End PBXFileReference section */

/* Begin PBXFrameworksBuildPhase section */
		ED12D6BEA9FA2732D7DB67F9 /* Frameworks */ = {
			isa = PBXFrameworksBuildPhase;
			buildActionMask = 2147483647;
			files = (
				53D968A21FF46E809A4A4829 /* ZIPFoundation in Frameworks */,
			);
			runOnlyForDeploymentPostprocessing = 0;
		};
/* End PBXFrameworksBuildPhase section */

/* Begin PBXGroup section */
		9167C980FDA3258C3FA6D443 /* Preview Content */ = {
			isa = PBXGroup;
			children = (
				1546BCC9D19C7D4C4EFAF91B /* Preview Assets.xcassets */,
			);
			path = "Preview Content";
			sourceTree = "<group>";
		};
		9D4BBCE05E0E87D90E0B0F17 /* Products */ = {
			isa = PBXGroup;
			children = (
				F0EF2F8DA7666246976A364E /* QuantumLeapValidator.app */,
			);
			name = Products;
			sourceTree = "<group>";
		};
		F691AD1DBDB5C76A0A5C65A0 /* QuantumLeapValidator */ = {
			isa = PBXGroup;
			children = (
				0F6622EFCDE983C7E28B5409 /* Assets.xcassets */,
				E14DEC12B4B3A4562FEFA937 /* ContentView.swift */,
				5CD0C373220F2DDEBB8297D1 /* IMUValidationView.swift */,
				751E70B305629FA789748F1A /* Info.plist */,
				25320A2B922D7F7E7553D30C /* MotionManager.swift */,
				3D2C3F8AF1EF98F73BD51A1A /* QuantumLeapValidatorApp.swift */,
				6CC93149F05B4A2D7330CAF2 /* SessionRecorder.swift */,
				1ACBB18DBAD13720E046E7CD /* SessionSummaryView.swift */,
				B2C3D4E5F67890123456789A /* SmartExerciseDetector.swift */,
				D3E4F5G67890123456789BC /* VoiceController.swift */,
				F6G7H890123456789CDEF01 /* AIVoiceCoach.swift */,
				G8H9I901234567890DEF123 /* AudioSessionManager.swift */,
				9167C980FDA3258C3FA6D443 /* Preview Content */,
			);
			path = QuantumLeapValidator;
			sourceTree = "<group>";
		};
		FDCBAFB4CC11AA06F36278D6 = {
			isa = PBXGroup;
			children = (
				F691AD1DBDB5C76A0A5C65A0 /* QuantumLeapValidator */,
				9D4BBCE05E0E87D90E0B0F17 /* Products */,
			);
			sourceTree = "<group>";
		};
/* End PBXGroup section */

/* Begin PBXNativeTarget section */
		B3066522B9E33E7A97CB58F6 /* QuantumLeapValidator */ = {
			isa = PBXNativeTarget;
			buildConfigurationList = 9F79031D0C3872218F2E0C3D /* Build configuration list for PBXNativeTarget "QuantumLeapValidator" */;
			buildPhases = (
				0C627A6F6F4C07A91CC6DDBD /* Sources */,
				29B761949F3B969683487E88 /* Resources */,
				ED12D6BEA9FA2732D7DB67F9 /* Frameworks */,
			);
			buildRules = (
			);
			dependencies = (
			);
			name = QuantumLeapValidator;
			packageProductDependencies = (
				735050DC7D0D432E68F055B7 /* ZIPFoundation */,
			);
			productName = QuantumLeapValidator;
			productReference = F0EF2F8DA7666246976A364E /* QuantumLeapValidator.app */;
			productType = "com.apple.product-type.application";
		};
/* End PBXNativeTarget section */

/* Begin PBXProject section */
		C52F5498C8E94D9972DE7BA5 /* Project object */ = {
			isa = PBXProject;
			attributes = {
				BuildIndependentTargetsInParallel = YES;
				LastUpgradeCheck = 1640;
			};
			buildConfigurationList = 84E169EB4356E978094BB703 /* Build configuration list for PBXProject "QuantumLeapValidator" */;
			compatibilityVersion = "Xcode 14.0";
			developmentRegion = en;
			hasScannedForEncodings = 0;
			knownRegions = (
				Base,
				en,
			);
			mainGroup = FDCBAFB4CC11AA06F36278D6;
			minimizedProjectReferenceProxies = 1;
			packageReferences = (
				4BBE2A68222A9DF7AB6CF694 /* XCRemoteSwiftPackageReference "ZIPFoundation" */,
			);
			projectDirPath = "";
			projectRoot = "";
			targets = (
				B3066522B9E33E7A97CB58F6 /* QuantumLeapValidator */,
			);
		};
/* End PBXProject section */

/* Begin PBXResourcesBuildPhase section */
		29B761949F3B969683487E88 /* Resources */ = {
			isa = PBXResourcesBuildPhase;
			buildActionMask = 2147483647;
			files = (
				460ADE772543652E765B3644 /* Assets.xcassets in Resources */,
				18D49946B828DE0D3241F12B /* Preview Assets.xcassets in Resources */,
			);
			runOnlyForDeploymentPostprocessing = 0;
		};
/* End PBXResourcesBuildPhase section */

/* Begin PBXSourcesBuildPhase section */
		0C627A6F6F4C07A91CC6DDBD /* Sources */ = {
			isa = PBXSourcesBuildPhase;
			buildActionMask = 2147483647;
			files = (
				7A0B733FB8EF8C590D586ACC /* ContentView.swift in Sources */,
				D6D91A306694F71CF2AC940C /* IMUValidationView.swift in Sources */,
				AE93424CC8D5E0B1DBC68E3A /* MotionManager.swift in Sources */,
				0CB4D686BB36E5558AD478B6 /* QuantumLeapValidatorApp.swift in Sources */,
				F14A158F451989BDE5E9679F /* SessionRecorder.swift in Sources */,
				BFE26EBF03193963B4C033D1 /* SessionSummaryView.swift in Sources */,
				A1B2C3D4E5F6789012345678 /* SmartExerciseDetector.swift in Sources */,
				C2D3E4F5G67890123456789B /* VoiceController.swift in Sources */,
				E5F6G7H890123456789CDEF0 /* AIVoiceCoach.swift in Sources */,
				F7G8H9I901234567890DEF12 /* AudioSessionManager.swift in Sources */,
			);
			runOnlyForDeploymentPostprocessing = 0;
		};
/* End PBXSourcesBuildPhase section */

/* Begin XCBuildConfiguration section */
		07AB0291FB182A0D6831EFE3 /* Debug */ = {
			isa = XCBuildConfiguration;
			buildSettings = {
				ASSETCATALOG_COMPILER_APPICON_NAME = AppIcon;
				CODE_SIGN_IDENTITY = "iPhone Developer";
				INFOPLIST_FILE = QuantumLeapValidator/Info.plist;
				LD_RUNPATH_SEARCH_PATHS = (
					"$(inherited)",
					"@executable_path/Frameworks",
				);
				PRODUCT_BUNDLE_IDENTIFIER = com.quantumleap.QuantumLeapValidator;
				SDKROOT = iphoneos;
				SWIFT_UI_PREVIEW_LAUNCH_POINTS = "$(SOURCE_ROOT)/QuantumLeapValidator/Preview Content";
				TARGETED_DEVICE_FAMILY = 1;
			};
			name = Debug;
		};
		6E501BFBC4B2CE6604DED105 /* Release */ = {
			isa = XCBuildConfiguration;
			buildSettings = {
				ALWAYS_SEARCH_USER_PATHS = NO;
				CLANG_ANALYZER_NONNULL = YES;
				CLANG_ANALYZER_NUMBER_OBJECT_CONVERSION = YES_AGGRESSIVE;
				CLANG_CXX_LANGUAGE_STANDARD = "gnu++14";
				CLANG_CXX_LIBRARY = "libc++";
				CLANG_ENABLE_MODULES = YES;
				CLANG_ENABLE_OBJC_ARC = YES;
				CLANG_ENABLE_OBJC_WEAK = YES;
				CLANG_WARN_BLOCK_CAPTURE_AUTORELEASING = YES;
				CLANG_WARN_BOOL_CONVERSION = YES;
				CLANG_WARN_COMMA = YES;
				CLANG_WARN_CONSTANT_CONVERSION = YES;
				CLANG_WARN_DEPRECATED_OBJC_IMPLEMENTATIONS = YES;
				CLANG_WARN_DIRECT_OBJC_ISA_USAGE = YES_ERROR;
				CLANG_WARN_DOCUMENTATION_COMMENTS = YES;
				CLANG_WARN_EMPTY_BODY = YES;
				CLANG_WARN_ENUM_CONVERSION = YES;
				CLANG_WARN_INFINITE_RECURSION = YES;
				CLANG_WARN_INT_CONVERSION = YES;
				CLANG_WARN_NON_LITERAL_NULL_CONVERSION = YES;
				CLANG_WARN_OBJC_IMPLICIT_RETAIN_SELF = YES;
				CLANG_WARN_OBJC_LITERAL_CONVERSION = YES;
				CLANG_WARN_OBJC_ROOT_CLASS = YES_ERROR;
				CLANG_WARN_QUOTED_INCLUDE_IN_FRAMEWORK_HEADER = YES;
				CLANG_WARN_RANGE_LOOP_ANALYSIS = YES;
				CLANG_WARN_STRICT_PROTOTYPES = YES;
				CLANG_WARN_SUSPICIOUS_MOVE = YES;
				CLANG_WARN_UNGUARDED_AVAILABILITY = YES_AGGRESSIVE;
				CLANG_WARN_UNREACHABLE_CODE = YES;
				CLANG_WARN__DUPLICATE_METHOD_MATCH = YES;
				COPY_PHASE_STRIP = NO;
				DEBUG_INFORMATION_FORMAT = "dwarf-with-dsym";
				DEVELOPMENT_TEAM = 28UE768XAH;
				ENABLE_NS_ASSERTIONS = NO;
				ENABLE_STRICT_OBJC_MSGSEND = YES;
				ENABLE_USER_SCRIPT_SANDBOXING = YES;
				GCC_C_LANGUAGE_STANDARD = gnu11;
				GCC_NO_COMMON_BLOCKS = YES;
				GCC_WARN_64_TO_32_BIT_CONVERSION = YES;
				GCC_WARN_ABOUT_RETURN_TYPE = YES_ERROR;
				GCC_WARN_UNDECLARED_SELECTOR = YES;
				GCC_WARN_UNINITIALIZED_AUTOS = YES_AGGRESSIVE;
				GCC_WARN_UNUSED_FUNCTION = YES;
				GCC_WARN_UNUSED_VARIABLE = YES;
				IPHONEOS_DEPLOYMENT_TARGET = 17.0;
				MTL_ENABLE_DEBUG_INFO = NO;
				MTL_FAST_MATH = YES;
				PRODUCT_NAME = "$(TARGET_NAME)";
				SDKROOT = iphoneos;
				SWIFT_COMPILATION_MODE = wholemodule;
				SWIFT_OPTIMIZATION_LEVEL = "-O";
				SWIFT_VERSION = 5.0;
			};
			name = Release;
		};
		9C1351EE8033DF8E070CF20A /* Debug */ = {
			isa = XCBuildConfiguration;
			buildSettings = {
				ALWAYS_SEARCH_USER_PATHS = NO;
				CLANG_ANALYZER_NONNULL = YES;
				CLANG_ANALYZER_NUMBER_OBJECT_CONVERSION = YES_AGGRESSIVE;
				CLANG_CXX_LANGUAGE_STANDARD = "gnu++14";
				CLANG_CXX_LIBRARY = "libc++";
				CLANG_ENABLE_MODULES = YES;
				CLANG_ENABLE_OBJC_ARC = YES;
				CLANG_ENABLE_OBJC_WEAK = YES;
				CLANG_WARN_BLOCK_CAPTURE_AUTORELEASING = YES;
				CLANG_WARN_BOOL_CONVERSION = YES;
				CLANG_WARN_COMMA = YES;
				CLANG_WARN_CONSTANT_CONVERSION = YES;
				CLANG_WARN_DEPRECATED_OBJC_IMPLEMENTATIONS = YES;
				CLANG_WARN_DIRECT_OBJC_ISA_USAGE = YES_ERROR;
				CLANG_WARN_DOCUMENTATION_COMMENTS = YES;
				CLANG_WARN_EMPTY_BODY = YES;
				CLANG_WARN_ENUM_CONVERSION = YES;
				CLANG_WARN_INFINITE_RECURSION = YES;
				CLANG_WARN_INT_CONVERSION = YES;
				CLANG_WARN_NON_LITERAL_NULL_CONVERSION = YES;
				CLANG_WARN_OBJC_IMPLICIT_RETAIN_SELF = YES;
				CLANG_WARN_OBJC_LITERAL_CONVERSION = YES;
				CLANG_WARN_OBJC_ROOT_CLASS = YES_ERROR;
				CLANG_WARN_QUOTED_INCLUDE_IN_FRAMEWORK_HEADER = YES;
				CLANG_WARN_RANGE_LOOP_ANALYSIS = YES;
				CLANG_WARN_STRICT_PROTOTYPES = YES;
				CLANG_WARN_SUSPICIOUS_MOVE = YES;
				CLANG_WARN_UNGUARDED_AVAILABILITY = YES_AGGRESSIVE;
				CLANG_WARN_UNREACHABLE_CODE = YES;
				CLANG_WARN__DUPLICATE_METHOD_MATCH = YES;
				COPY_PHASE_STRIP = NO;
				DEBUG_INFORMATION_FORMAT = dwarf;
				DEVELOPMENT_TEAM = 28UE768XAH;
				ENABLE_STRICT_OBJC_MSGSEND = YES;
				ENABLE_TESTABILITY = YES;
				ENABLE_USER_SCRIPT_SANDBOXING = YES;
				GCC_C_LANGUAGE_STANDARD = gnu11;
				GCC_DYNAMIC_NO_PIC = NO;
				GCC_NO_COMMON_BLOCKS = YES;
				GCC_OPTIMIZATION_LEVEL = 0;
				GCC_PREPROCESSOR_DEFINITIONS = (
					"$(inherited)",
					"DEBUG=1",
				);
				GCC_WARN_64_TO_32_BIT_CONVERSION = YES;
				GCC_WARN_ABOUT_RETURN_TYPE = YES_ERROR;
				GCC_WARN_UNDECLARED_SELECTOR = YES;
				GCC_WARN_UNINITIALIZED_AUTOS = YES_AGGRESSIVE;
				GCC_WARN_UNUSED_FUNCTION = YES;
				GCC_WARN_UNUSED_VARIABLE = YES;
				IPHONEOS_DEPLOYMENT_TARGET = 17.0;
				MTL_ENABLE_DEBUG_INFO = INCLUDE_SOURCE;
				MTL_FAST_MATH = YES;
				ONLY_ACTIVE_ARCH = YES;
				PRODUCT_NAME = "$(TARGET_NAME)";
				SDKROOT = iphoneos;
				SWIFT_ACTIVE_COMPILATION_CONDITIONS = DEBUG;
				SWIFT_OPTIMIZATION_LEVEL = "-Onone";
				SWIFT_VERSION = 5.0;
			};
			name = Debug;
		};
		A0FD9FD4B6968E1BF6E0F49B /* Release */ = {
			isa = XCBuildConfiguration;
			buildSettings = {
				ASSETCATALOG_COMPILER_APPICON_NAME = AppIcon;
				CODE_SIGN_IDENTITY = "iPhone Developer";
				INFOPLIST_FILE = QuantumLeapValidator/Info.plist;
				LD_RUNPATH_SEARCH_PATHS = (
					"$(inherited)",
					"@executable_path/Frameworks",
				);
				PRODUCT_BUNDLE_IDENTIFIER = com.quantumleap.QuantumLeapValidator;
				SDKROOT = iphoneos;
				SWIFT_UI_PREVIEW_LAUNCH_POINTS = "$(SOURCE_ROOT)/QuantumLeapValidator/Preview Content";
				TARGETED_DEVICE_FAMILY = 1;
			};
			name = Release;
		};
/* End XCBuildConfiguration section */

/* Begin XCConfigurationList section */
		84E169EB4356E978094BB703 /* Build configuration list for PBXProject "QuantumLeapValidator" */ = {
			isa = XCConfigurationList;
			buildConfigurations = (
				9C1351EE8033DF8E070CF20A /* Debug */,
				6E501BFBC4B2CE6604DED105 /* Release */,
			);
			defaultConfigurationIsVisible = 0;
			defaultConfigurationName = Debug;
		};
		9F79031D0C3872218F2E0C3D /* Build configuration list for PBXNativeTarget "QuantumLeapValidator" */ = {
			isa = XCConfigurationList;
			buildConfigurations = (
				07AB0291FB182A0D6831EFE3 /* Debug */,
				A0FD9FD4B6968E1BF6E0F49B /* Release */,
			);
			defaultConfigurationIsVisible = 0;
			defaultConfigurationName = Debug;
		};
/* End XCConfigurationList section */

/* Begin XCRemoteSwiftPackageReference section */
		4BBE2A68222A9DF7AB6CF694 /* XCRemoteSwiftPackageReference "ZIPFoundation" */ = {
			isa = XCRemoteSwiftPackageReference;
			repositoryURL = "https://github.com/weichsel/ZIPFoundation.git";
			requirement = {
				kind = upToNextMajorVersion;
				minimumVersion = 0.9.0;
			};
		};
/* End XCRemoteSwiftPackageReference section */

/* Begin XCSwiftPackageProductDependency section */
		735050DC7D0D432E68F055B7 /* ZIPFoundation */ = {
			isa = XCSwiftPackageProductDependency;
			package = 4BBE2A68222A9DF7AB6CF694 /* XCRemoteSwiftPackageReference "ZIPFoundation" */;
			productName = ZIPFoundation;
		};
/* End XCSwiftPackageProductDependency section */
	};
	rootObject = C52F5498C8E94D9972DE7BA5 /* Project object */;
}
