// !$*UTF8*$!
{
	archiveVersion = 1;
	classes = {
	};
	objectVersion = 77;
	objects = {

/* Begin PBXBuildFile section */
		0CB4D686BB36E5558AD478B6 /* QuantumLeapValidatorApp.swift in Sources */ = {isa = PBXBuildFile; fileRef = 3D2C3F8AF1EF98F73BD51A1A /* QuantumLeapValidatorApp.swift */; };
		18D49946B828DE0D3241F12B /* Preview Assets.xcassets in Resources */ = {isa = PBXBuildFile; fileRef = 1546BCC9D19C7D4C4EFAF91B /* Preview Assets.xcassets */; };
		460ADE772543652E765B3644 /* Assets.xcassets in Resources */ = {isa = PBXBuildFile; fileRef = 0F6622EFCDE983C7E28B5409 /* Assets.xcassets */; };
		48D62F20C4B481CFD3ED2E14 /* PoseViewController.swift in Sources */ = {isa = PBXBuildFile; fileRef = CD4E1F44890033B96D2D2E66 /* PoseViewController.swift */; };
		61C93918A5C950F203AA29DA /* PoseOverlayView.swift in Sources */ = {isa = PBXBuildFile; fileRef = ADE43A5C6916A49340D7927B /* PoseOverlayView.swift */; };
		7A0B733FB8EF8C590D586ACC /* ContentView.swift in Sources */ = {isa = PBXBuildFile; fileRef = E14DEC12B4B3A4562FEFA937 /* ContentView.swift */; };
		942D8701132787A3921B9740 /* PoseValidationView.swift in Sources */ = {isa = PBXBuildFile; fileRef = C8B4623AECB3D853FC8C1F4F /* PoseValidationView.swift */; };
		AE93424CC8D5E0B1DBC68E3A /* MotionManager.swift in Sources */ = {isa = PBXBuildFile; fileRef = 25320A2B922D7F7E7553D30C /* MotionManager.swift */; };
		F14A158F451989BDE5E9679F /* SessionRecorder.swift in Sources */ = {isa = PBXBuildFile; fileRef = 6CC93149F05B4A2D7330CAF2 /* SessionRecorder.swift */; };
/* End PBXBuildFile section */

/* Begin PBXFileReference section */
		0F6622EFCDE983C7E28B5409 /* Assets.xcassets */ = {isa = PBXFileReference; lastKnownFileType = folder.assetcatalog; path = Assets.xcassets; sourceTree = "<group>"; };
		1546BCC9D19C7D4C4EFAF91B /* Preview Assets.xcassets */ = {isa = PBXFileReference; lastKnownFileType = folder.assetcatalog; path = "Preview Assets.xcassets"; sourceTree = "<group>"; };
		25320A2B922D7F7E7553D30C /* MotionManager.swift */ = {isa = PBXFileReference; lastKnownFileType = sourcecode.swift; path = MotionManager.swift; sourceTree = "<group>"; };
		3D2C3F8AF1EF98F73BD51A1A /* QuantumLeapValidatorApp.swift */ = {isa = PBXFileReference; lastKnownFileType = sourcecode.swift; path = QuantumLeapValidatorApp.swift; sourceTree = "<group>"; };
		6CC93149F05B4A2D7330CAF2 /* SessionRecorder.swift */ = {isa = PBXFileReference; lastKnownFileType = sourcecode.swift; path = SessionRecorder.swift; sourceTree = "<group>"; };
		751E70B305629FA789748F1A /* Info.plist */ = {isa = PBXFileReference; lastKnownFileType = text.plist; path = Info.plist; sourceTree = "<group>"; };
		ADE43A5C6916A49340D7927B /* PoseOverlayView.swift */ = {isa = PBXFileReference; lastKnownFileType = sourcecode.swift; path = PoseOverlayView.swift; sourceTree = "<group>"; };
		C8B4623AECB3D853FC8C1F4F /* PoseValidationView.swift */ = {isa = PBXFileReference; lastKnownFileType = sourcecode.swift; path = PoseValidationView.swift; sourceTree = "<group>"; };
		CD4E1F44890033B96D2D2E66 /* PoseViewController.swift */ = {isa = PBXFileReference; lastKnownFileType = sourcecode.swift; path = PoseViewController.swift; sourceTree = "<group>"; };
		E14DEC12B4B3A4562FEFA937 /* ContentView.swift */ = {isa = PBXFileReference; lastKnownFileType = sourcecode.swift; path = ContentView.swift; sourceTree = "<group>"; };
		F0EF2F8DA7666246976A364E /* QuantumLeapValidator.app */ = {isa = PBXFileReference; includeInIndex = 0; lastKnownFileType = wrapper.application; path = QuantumLeapValidator.app; sourceTree = BUILT_PRODUCTS_DIR; };
/* End PBXFileReference section */

/* Begin PBXGroup section */
		9167C980FDA3258C3FA6D443 /* Preview Content */ = {
			isa = PBXGroup;
			children = (
				1546BCC9D19C7D4C4EFAF91B /* Preview Assets.xcassets */,
			);
			path = "Preview Content";
			sourceTree = "<group>";
		};
		9D4BBCE05E0E87D90E0B0F17 /* Products */ = {
			isa = PBXGroup;
			children = (
				F0EF2F8DA7666246976A364E /* QuantumLeapValidator.app */,
			);
			name = Products;
			sourceTree = "<group>";
		};
		F691AD1DBDB5C76A0A5C65A0 /* QuantumLeapValidator */ = {
			isa = PBXGroup;
			children = (
				0F6622EFCDE983C7E28B5409 /* Assets.xcassets */,
				E14DEC12B4B3A4562FEFA937 /* ContentView.swift */,
				751E70B305629FA789748F1A /* Info.plist */,
				25320A2B922D7F7E7553D30C /* MotionManager.swift */,
				ADE43A5C6916A49340D7927B /* PoseOverlayView.swift */,
				C8B4623AECB3D853FC8C1F4F /* PoseValidationView.swift */,
				CD4E1F44890033B96D2D2E66 /* PoseViewController.swift */,
				3D2C3F8AF1EF98F73BD51A1A /* QuantumLeapValidatorApp.swift */,
				6CC93149F05B4A2D7330CAF2 /* SessionRecorder.swift */,
				9167C980FDA3258C3FA6D443 /* Preview Content */,
			);
			path = QuantumLeapValidator;
			sourceTree = "<group>";
		};
		FDCBAFB4CC11AA06F36278D6 = {
			isa = PBXGroup;
			children = (
				F691AD1DBDB5C76A0A5C65A0 /* QuantumLeapValidator */,
				9D4BBCE05E0E87D90E0B0F17 /* Products */,
			);
			sourceTree = "<group>";
		};
/* End PBXGroup section */

/* Begin PBXNativeTarget section */
		B3066522B9E33E7A97CB58F6 /* QuantumLeapValidator */ = {
			isa = PBXNativeTarget;
			buildConfigurationList = 9F79031D0C3872218F2E0C3D /* Build configuration list for PBXNativeTarget "QuantumLeapValidator" */;
			buildPhases = (
				0C627A6F6F4C07A91CC6DDBD /* Sources */,
				29B761949F3B969683487E88 /* Resources */,
			);
			buildRules = (
			);
			dependencies = (
			);
			name = QuantumLeapValidator;
			packageProductDependencies = (
			);
			productName = QuantumLeapValidator;
			productReference = F0EF2F8DA7666246976A364E /* QuantumLeapValidator.app */;
			productType = "com.apple.product-type.application";
		};
/* End PBXNativeTarget section */

/* Begin PBXProject section */
		C52F5498C8E94D9972DE7BA5 /* Project object */ = {
			isa = PBXProject;
			attributes = {
				BuildIndependentTargetsInParallel = YES;
				LastUpgradeCheck = 1430;
			};
			buildConfigurationList = 84E169EB4356E978094BB703 /* Build configuration list for PBXProject "QuantumLeapValidator" */;
			compatibilityVersion = "Xcode 14.0";
			developmentRegion = en;
			hasScannedForEncodings = 0;
			knownRegions = (
				Base,
				en,
			);
			mainGroup = FDCBAFB4CC11AA06F36278D6;
			minimizedProjectReferenceProxies = 1;
			preferredProjectObjectVersion = 77;
			projectDirPath = "";
			projectRoot = "";
			targets = (
				B3066522B9E33E7A97CB58F6 /* QuantumLeapValidator */,
			);
		};
/* End PBXProject section */

/* Begin PBXResourcesBuildPhase section */
		29B761949F3B969683487E88 /* Resources */ = {
			isa = PBXResourcesBuildPhase;
			buildActionMask = 2147483647;
			files = (
				460ADE772543652E765B3644 /* Assets.xcassets in Resources */,
				18D49946B828DE0D3241F12B /* Preview Assets.xcassets in Resources */,
			);
			runOnlyForDeploymentPostprocessing = 0;
		};
/* End PBXResourcesBuildPhase section */

/* Begin PBXSourcesBuildPhase section */
		0C627A6F6F4C07A91CC6DDBD /* Sources */ = {
			isa = PBXSourcesBuildPhase;
			buildActionMask = 2147483647;
			files = (
				7A0B733FB8EF8C590D586ACC /* ContentView.swift in Sources */,
				AE93424CC8D5E0B1DBC68E3A /* MotionManager.swift in Sources */,
				61C93918A5C950F203AA29DA /* PoseOverlayView.swift in Sources */,
				942D8701132787A3921B9740 /* PoseValidationView.swift in Sources */,
				48D62F20C4B481CFD3ED2E14 /* PoseViewController.swift in Sources */,
				0CB4D686BB36E5558AD478B6 /* QuantumLeapValidatorApp.swift in Sources */,
				F14A158F451989BDE5E9679F /* SessionRecorder.swift in Sources */,
			);
			runOnlyForDeploymentPostprocessing = 0;
		};
/* End PBXSourcesBuildPhase section */

/* Begin XCBuildConfiguration section */
		07AB0291FB182A0D6831EFE3 /* Debug */ = {
			isa = XCBuildConfiguration;
			buildSettings = {
				ASSETCATALOG_COMPILER_APPICON_NAME = AppIcon;
				CODE_SIGN_IDENTITY = "iPhone Developer";
				INFOPLIST_FILE = QuantumLeapValidator/Info.plist;
				LD_RUNPATH_SEARCH_PATHS = (
					"$(inherited)",
					"@executable_path/Frameworks",
				);
				PRODUCT_BUNDLE_IDENTIFIER = com.quantumleap.QuantumLeapValidator;
				SDKROOT = iphoneos;
				SWIFT_UI_PREVIEW_LAUNCH_POINTS = "$(SOURCE_ROOT)/QuantumLeapValidator/Preview Content";
				TARGETED_DEVICE_FAMILY = 1;
			};
			name = Debug;
		};
		6E501BFBC4B2CE6604DED105 /* Release */ = {
			isa = XCBuildConfiguration;
			buildSettings = {
				ALWAYS_SEARCH_USER_PATHS = NO;
				CLANG_ANALYZER_NONNULL = YES;
				CLANG_ANALYZER_NUMBER_OBJECT_CONVERSION = YES_AGGRESSIVE;
				CLANG_CXX_LANGUAGE_STANDARD = "gnu++14";
				CLANG_CXX_LIBRARY = "libc++";
				CLANG_ENABLE_MODULES = YES;
				CLANG_ENABLE_OBJC_ARC = YES;
				CLANG_ENABLE_OBJC_WEAK = YES;
				CLANG_WARN_BLOCK_CAPTURE_AUTORELEASING = YES;
				CLANG_WARN_BOOL_CONVERSION = YES;
				CLANG_WARN_COMMA = YES;
				CLANG_WARN_CONSTANT_CONVERSION = YES;
				CLANG_WARN_DEPRECATED_OBJC_IMPLEMENTATIONS = YES;
				CLANG_WARN_DIRECT_OBJC_ISA_USAGE = YES_ERROR;
				CLANG_WARN_DOCUMENTATION_COMMENTS = YES;
				CLANG_WARN_EMPTY_BODY = YES;
				CLANG_WARN_ENUM_CONVERSION = YES;
				CLANG_WARN_INFINITE_RECURSION = YES;
				CLANG_WARN_INT_CONVERSION = YES;
				CLANG_WARN_NON_LITERAL_NULL_CONVERSION = YES;
				CLANG_WARN_OBJC_IMPLICIT_RETAIN_SELF = YES;
				CLANG_WARN_OBJC_LITERAL_CONVERSION = YES;
				CLANG_WARN_OBJC_ROOT_CLASS = YES_ERROR;
				CLANG_WARN_QUOTED_INCLUDE_IN_FRAMEWORK_HEADER = YES;
				CLANG_WARN_RANGE_LOOP_ANALYSIS = YES;
				CLANG_WARN_STRICT_PROTOTYPES = YES;
				CLANG_WARN_SUSPICIOUS_MOVE = YES;
				CLANG_WARN_UNGUARDED_AVAILABILITY = YES_AGGRESSIVE;
				CLANG_WARN_UNREACHABLE_CODE = YES;
				CLANG_WARN__DUPLICATE_METHOD_MATCH = YES;
				COPY_PHASE_STRIP = NO;
				DEBUG_INFORMATION_FORMAT = "dwarf-with-dsym";
				ENABLE_NS_ASSERTIONS = NO;
				ENABLE_STRICT_OBJC_MSGSEND = YES;
				GCC_C_LANGUAGE_STANDARD = gnu11;
				GCC_NO_COMMON_BLOCKS = YES;
				GCC_WARN_64_TO_32_BIT_CONVERSION = YES;
				GCC_WARN_ABOUT_RETURN_TYPE = YES_ERROR;
				GCC_WARN_UNDECLARED_SELECTOR = YES;
				GCC_WARN_UNINITIALIZED_AUTOS = YES_AGGRESSIVE;
				GCC_WARN_UNUSED_FUNCTION = YES;
				GCC_WARN_UNUSED_VARIABLE = YES;
				IPHONEOS_DEPLOYMENT_TARGET = 17.0;
				MTL_ENABLE_DEBUG_INFO = NO;
				MTL_FAST_MATH = YES;
				PRODUCT_NAME = "$(TARGET_NAME)";
				SDKROOT = iphoneos;
				SWIFT_COMPILATION_MODE = wholemodule;
				SWIFT_OPTIMIZATION_LEVEL = "-O";
				SWIFT_VERSION = 5.0;
			};
			name = Release;
		};
		9C1351EE8033DF8E070CF20A /* Debug */ = {
			isa = XCBuildConfiguration;
			buildSettings = {
				ALWAYS_SEARCH_USER_PATHS = NO;
				CLANG_ANALYZER_NONNULL = YES;
				CLANG_ANALYZER_NUMBER_OBJECT_CONVERSION = YES_AGGRESSIVE;
				CLANG_CXX_LANGUAGE_STANDARD = "gnu++14";
				CLANG_CXX_LIBRARY = "libc++";
				CLANG_ENABLE_MODULES = YES;
				CLANG_ENABLE_OBJC_ARC = YES;
				CLANG_ENABLE_OBJC_WEAK = YES;
				CLANG_WARN_BLOCK_CAPTURE_AUTORELEASING = YES;
				CLANG_WARN_BOOL_CONVERSION = YES;
				CLANG_WARN_COMMA = YES;
				CLANG_WARN_CONSTANT_CONVERSION = YES;
				CLANG_WARN_DEPRECATED_OBJC_IMPLEMENTATIONS = YES;
				CLANG_WARN_DIRECT_OBJC_ISA_USAGE = YES_ERROR;
				CLANG_WARN_DOCUMENTATION_COMMENTS = YES;
				CLANG_WARN_EMPTY_BODY = YES;
				CLANG_WARN_ENUM_CONVERSION = YES;
				CLANG_WARN_INFINITE_RECURSION = YES;
				CLANG_WARN_INT_CONVERSION = YES;
				CLANG_WARN_NON_LITERAL_NULL_CONVERSION = YES;
				CLANG_WARN_OBJC_IMPLICIT_RETAIN_SELF = YES;
				CLANG_WARN_OBJC_LITERAL_CONVERSION = YES;
				CLANG_WARN_OBJC_ROOT_CLASS = YES_ERROR;
				CLANG_WARN_QUOTED_INCLUDE_IN_FRAMEWORK_HEADER = YES;
				CLANG_WARN_RANGE_LOOP_ANALYSIS = YES;
				CLANG_WARN_STRICT_PROTOTYPES = YES;
				CLANG_WARN_SUSPICIOUS_MOVE = YES;
				CLANG_WARN_UNGUARDED_AVAILABILITY = YES_AGGRESSIVE;
				CLANG_WARN_UNREACHABLE_CODE = YES;
				CLANG_WARN__DUPLICATE_METHOD_MATCH = YES;
				COPY_PHASE_STRIP = NO;
				DEBUG_INFORMATION_FORMAT = dwarf;
				ENABLE_STRICT_OBJC_MSGSEND = YES;
				ENABLE_TESTABILITY = YES;
				GCC_C_LANGUAGE_STANDARD = gnu11;
				GCC_DYNAMIC_NO_PIC = NO;
				GCC_NO_COMMON_BLOCKS = YES;
				GCC_OPTIMIZATION_LEVEL = 0;
				GCC_PREPROCESSOR_DEFINITIONS = (
					"$(inherited)",
					"DEBUG=1",
				);
				GCC_WARN_64_TO_32_BIT_CONVERSION = YES;
				GCC_WARN_ABOUT_RETURN_TYPE = YES_ERROR;
				GCC_WARN_UNDECLARED_SELECTOR = YES;
				GCC_WARN_UNINITIALIZED_AUTOS = YES_AGGRESSIVE;
				GCC_WARN_UNUSED_FUNCTION = YES;
				GCC_WARN_UNUSED_VARIABLE = YES;
				IPHONEOS_DEPLOYMENT_TARGET = 17.0;
				MTL_ENABLE_DEBUG_INFO = INCLUDE_SOURCE;
				MTL_FAST_MATH = YES;
				ONLY_ACTIVE_ARCH = YES;
				PRODUCT_NAME = "$(TARGET_NAME)";
				SDKROOT = iphoneos;
				SWIFT_ACTIVE_COMPILATION_CONDITIONS = DEBUG;
				SWIFT_OPTIMIZATION_LEVEL = "-Onone";
				SWIFT_VERSION = 5.0;
			};
			name = Debug;
		};
		A0FD9FD4B6968E1BF6E0F49B /* Release */ = {
			isa = XCBuildConfiguration;
			buildSettings = {
				ASSETCATALOG_COMPILER_APPICON_NAME = AppIcon;
				CODE_SIGN_IDENTITY = "iPhone Developer";
				INFOPLIST_FILE = QuantumLeapValidator/Info.plist;
				LD_RUNPATH_SEARCH_PATHS = (
					"$(inherited)",
					"@executable_path/Frameworks",
				);
				PRODUCT_BUNDLE_IDENTIFIER = com.quantumleap.QuantumLeapValidator;
				SDKROOT = iphoneos;
				SWIFT_UI_PREVIEW_LAUNCH_POINTS = "$(SOURCE_ROOT)/QuantumLeapValidator/Preview Content";
				TARGETED_DEVICE_FAMILY = 1;
			};
			name = Release;
		};
/* End XCBuildConfiguration section */

/* Begin XCConfigurationList section */
		84E169EB4356E978094BB703 /* Build configuration list for PBXProject "QuantumLeapValidator" */ = {
			isa = XCConfigurationList;
			buildConfigurations = (
				9C1351EE8033DF8E070CF20A /* Debug */,
				6E501BFBC4B2CE6604DED105 /* Release */,
			);
			defaultConfigurationIsVisible = 0;
			defaultConfigurationName = Debug;
		};
		9F79031D0C3872218F2E0C3D /* Build configuration list for PBXNativeTarget "QuantumLeapValidator" */ = {
			isa = XCConfigurationList;
			buildConfigurations = (
				07AB0291FB182A0D6831EFE3 /* Debug */,
				A0FD9FD4B6968E1BF6E0F49B /* Release */,
			);
			defaultConfigurationIsVisible = 0;
			defaultConfigurationName = Debug;
		};
/* End XCConfigurationList section */
	};
	rootObject = C52F5498C8E94D9972DE7BA5 /* Project object */;
}
